
Microsoft Visual Studio Solution File, Format Version 12.00
# Visual Studio Version 17
VisualStudioVersion = 17.1.32104.313
MinimumVisualStudioVersion = 10.0.40219.1
Project("{FAE04EC0-301F-11D3-BF4B-00C04F79EFBC}") = "WebApp", "WebApp\WebApp.csproj", "{B29264A0-540A-4241-A72F-2860212292C4}"
EndProject
Project("{FAE04EC0-301F-11D3-BF4B-00C04F79EFBC}") = "WeatherApi", "WeatherApi\WeatherApi.csproj", "{3BBE0FB7-D7D6-41A1-B911-8FF416686DFA}"
EndProject
Global
	GlobalSection(SolutionConfigurationPlatforms) = preSolution
		Debug|Any CPU = Debug|Any CPU
		Release|Any CPU = Release|Any CPU
	EndGlobalSection
	GlobalSection(ProjectConfigurationPlatforms) = postSolution
		{B29264A0-540A-4241-A72F-2860212292C4}.Debug|Any CPU.ActiveCfg = Debug|Any CPU
		{B29264A0-540A-4241-A72F-2860212292C4}.Debug|Any CPU.Build.0 = Debug|Any CPU
		{B29264A0-540A-4241-A72F-2860212292C4}.Release|Any CPU.ActiveCfg = Release|Any CPU
		{B29264A0-540A-4241-A72F-2860212292C4}.Release|Any CPU.Build.0 = Release|Any CPU
		{3BBE0FB7-D7D6-41A1-B911-8FF416686DFA}.Debug|Any CPU.ActiveCfg = Debug|Any CPU
		{3BBE0FB7-D7D6-41A1-B911-8FF416686DFA}.Debug|Any CPU.Build.0 = Debug|Any CPU
		{3BBE0FB7-D7D6-41A1-B911-8FF416686DFA}.Release|Any CPU.ActiveCfg = Release|Any CPU
		{3BBE0FB7-D7D6-41A1-B911-8FF416686DFA}.Release|Any CPU.Build.0 = Release|Any CPU
	EndGlobalSection
	GlobalSection(SolutionProperties) = preSolution
		HideSolutionNode = FALSE
	EndGlobalSection
	GlobalSection(ExtensibilityGlobals) = postSolution
		SolutionGuid = {E207148C-DECC-4509-868C-3707461ECE01}
	EndGlobalSection
EndGlobal
